
Microsoft Visual Studio Solution File, Format Version 12.00
# Visual Studio 15
VisualStudioVersion = 15.0.27130.2036
MinimumVisualStudioVersion = 10.0.40219.1
Project("{FAE04EC0-301F-11D3-BF4B-00C04F79EFBC}") = "OnlinePermissionSlips", "OnlinePermissionSlips\OnlinePermissionSlips.csproj", "{AB8D541D-CB5D-4C9E-BF2D-F5760BE2C739}"
EndProject
Project("{FAE04EC0-301F-11D3-BF4B-00C04F79EFBC}") = "OnlinePermissionSlips.Tests", "OnlinePermissionSlips.Tests\OnlinePermissionSlips.Tests.csproj", "{81D44D95-AB8F-486B-B54F-4A131AAD6553}"
EndProject
Global
	GlobalSection(SolutionConfigurationPlatforms) = preSolution
		Debug|Any CPU = Debug|Any CPU
		Release|Any CPU = Release|Any CPU
	EndGlobalSection
	GlobalSection(ProjectConfigurationPlatforms) = postSolution
		{AB8D541D-CB5D-4C9E-BF2D-F5760BE2C739}.Debug|Any CPU.ActiveCfg = Debug|Any CPU
		{AB8D541D-CB5D-4C9E-BF2D-F5760BE2C739}.Debug|Any CPU.Build.0 = Debug|Any CPU
		{AB8D541D-CB5D-4C9E-BF2D-F5760BE2C739}.Release|Any CPU.ActiveCfg = Release|Any CPU
		{AB8D541D-CB5D-4C9E-BF2D-F5760BE2C739}.Release|Any CPU.Build.0 = Release|Any CPU
		{81D44D95-AB8F-486B-B54F-4A131AAD6553}.Debug|Any CPU.ActiveCfg = Debug|Any CPU
		{81D44D95-AB8F-486B-B54F-4A131AAD6553}.Debug|Any CPU.Build.0 = Debug|Any CPU
		{81D44D95-AB8F-486B-B54F-4A131AAD6553}.Release|Any CPU.ActiveCfg = Release|Any CPU
		{81D44D95-AB8F-486B-B54F-4A131AAD6553}.Release|Any CPU.Build.0 = Release|Any CPU
	EndGlobalSection
	GlobalSection(SolutionProperties) = preSolution
		HideSolutionNode = FALSE
	EndGlobalSection
	GlobalSection(ExtensibilityGlobals) = postSolution
		SolutionGuid = {1485FF7E-1590-43F4-BDAD-A8861022A556}
	EndGlobalSection
EndGlobal
